// !$*UTF8*$!
{
	archiveVersion = 1;
	classes = {
	};
	objectVersion = 46;
	objects = {

/* Begin PBXBuildFile section */
		AA293FE31C6893DC00A5C71C /* FileIO.swift in Sources */ = {isa = PBXBuildFile; fileRef = AA293FE21C6893DC00A5C71C /* FileIO.swift */; };
		AA293FE51C689B8200A5C71C /* CoreData.framework in Frameworks */ = {isa = PBXBuildFile; fileRef = AA293FE41C689B8200A5C71C /* CoreData.framework */; };
		AA293FE81C689BD000A5C71C /* LocationModel.xcdatamodeld in Sources */ = {isa = PBXBuildFile; fileRef = AA293FE61C689BD000A5C71C /* LocationModel.xcdatamodeld */; };
		AA293FEB1C689E8C00A5C71C /* LocationModel+CoreDataProperties.swift in Sources */ = {isa = PBXBuildFile; fileRef = AA293FE91C689E8C00A5C71C /* LocationModel+CoreDataProperties.swift */; };
		AA293FEC1C689E8C00A5C71C /* LocationModel.swift in Sources */ = {isa = PBXBuildFile; fileRef = AA293FEA1C689E8C00A5C71C /* LocationModel.swift */; };
		AA3AD81D1C54E04A00318BDE /* AppDelegate.swift in Sources */ = {isa = PBXBuildFile; fileRef = AA3AD81C1C54E04A00318BDE /* AppDelegate.swift */; };
		AA3AD81F1C54E04A00318BDE /* MapViewController.swift in Sources */ = {isa = PBXBuildFile; fileRef = AA3AD81E1C54E04A00318BDE /* MapViewController.swift */; };
		AA3AD8221C54E04A00318BDE /* Main.storyboard in Resources */ = {isa = PBXBuildFile; fileRef = AA3AD8201C54E04A00318BDE /* Main.storyboard */; };
		AA3AD8241C54E04A00318BDE /* Assets.xcassets in Resources */ = {isa = PBXBuildFile; fileRef = AA3AD8231C54E04A00318BDE /* Assets.xcassets */; };
		AA3AD8271C54E04A00318BDE /* LaunchScreen.storyboard in Resources */ = {isa = PBXBuildFile; fileRef = AA3AD8251C54E04A00318BDE /* LaunchScreen.storyboard */; };
		AA3AD82F1C5589ED00318BDE /* CoreLocation.framework in Frameworks */ = {isa = PBXBuildFile; fileRef = AA3AD82E1C5589ED00318BDE /* CoreLocation.framework */; };
		AA5370C71C73F05E002C4DF4 /* HSBColorPicker.swift in Sources */ = {isa = PBXBuildFile; fileRef = AA5370C61C73F05E002C4DF4 /* HSBColorPicker.swift */; };
		AA5B60551C635BE2008DEB71 /* SavedPin.swift in Sources */ = {isa = PBXBuildFile; fileRef = AA5B60541C635BE2008DEB71 /* SavedPin.swift */; };
		AA5B60571C635D3E008DEB71 /* AddSavedPinViewController.swift in Sources */ = {isa = PBXBuildFile; fileRef = AA5B60561C635D3E008DEB71 /* AddSavedPinViewController.swift */; };
		AA5B605A1C640C37008DEB71 /* CloudKit.framework in Frameworks */ = {isa = PBXBuildFile; fileRef = AA5B60591C640C37008DEB71 /* CloudKit.framework */; };
		AA5B605C1C640C9B008DEB71 /* MapKit.framework in Frameworks */ = {isa = PBXBuildFile; fileRef = AA5B605B1C640C9B008DEB71 /* MapKit.framework */; };
		AA5B605E1C643A2D008DEB71 /* Utilities.swift in Sources */ = {isa = PBXBuildFile; fileRef = AA5B605D1C643A2D008DEB71 /* Utilities.swift */; };
		AA5B60611C655412008DEB71 /* Images.xcassets in Resources */ = {isa = PBXBuildFile; fileRef = AA5B60601C655412008DEB71 /* Images.xcassets */; };
		AA5B60871C65BB82008DEB71 /* FriendsTableViewController.swift in Sources */ = {isa = PBXBuildFile; fileRef = AA5B60861C65BB82008DEB71 /* FriendsTableViewController.swift */; };
		AA5B60891C65C1CE008DEB71 /* Friend.swift in Sources */ = {isa = PBXBuildFile; fileRef = AA5B60881C65C1CE008DEB71 /* Friend.swift */; };
		AA5B608B1C680A71008DEB71 /* ResetViewController.swift in Sources */ = {isa = PBXBuildFile; fileRef = AA5B608A1C680A71008DEB71 /* ResetViewController.swift */; };
		AA5C86AA1C60BB49001CD0CB /* Pathwayz-Pin.png in Resources */ = {isa = PBXBuildFile; fileRef = AA5C86A91C60BB49001CD0CB /* Pathwayz-Pin.png */; };
		AA5CC7D01C6B29C400C48C38 /* HockeySDK.framework in Frameworks */ = {isa = PBXBuildFile; fileRef = AA5CC7CF1C6B29C400C48C38 /* HockeySDK.framework */; };
		AA680A061C69F3E200CABB71 /* CustomTableViewCell.swift in Sources */ = {isa = PBXBuildFile; fileRef = AA680A051C69F3E200CABB71 /* CustomTableViewCell.swift */; };
/* End PBXBuildFile section */

/* Begin PBXFileReference section */
		AA293FE21C6893DC00A5C71C /* FileIO.swift */ = {isa = PBXFileReference; fileEncoding = 4; lastKnownFileType = sourcecode.swift; path = FileIO.swift; sourceTree = "<group>"; };
		AA293FE41C689B8200A5C71C /* CoreData.framework */ = {isa = PBXFileReference; lastKnownFileType = wrapper.framework; name = CoreData.framework; path = System/Library/Frameworks/CoreData.framework; sourceTree = SDKROOT; };
		AA293FE71C689BD000A5C71C /* LocationModel.xcdatamodel */ = {isa = PBXFileReference; lastKnownFileType = wrapper.xcdatamodel; path = LocationModel.xcdatamodel; sourceTree = "<group>"; };
		AA293FE91C689E8C00A5C71C /* LocationModel+CoreDataProperties.swift */ = {isa = PBXFileReference; fileEncoding = 4; lastKnownFileType = sourcecode.swift; name = "LocationModel+CoreDataProperties.swift"; path = "Pathwayz/LocationModel+CoreDataProperties.swift"; sourceTree = "<group>"; };
		AA293FEA1C689E8C00A5C71C /* LocationModel.swift */ = {isa = PBXFileReference; fileEncoding = 4; lastKnownFileType = sourcecode.swift; name = LocationModel.swift; path = Pathwayz/LocationModel.swift; sourceTree = "<group>"; };
		AA3AD8191C54E04A00318BDE /* Pathwayz.app */ = {isa = PBXFileReference; explicitFileType = wrapper.application; includeInIndex = 0; path = Pathwayz.app; sourceTree = BUILT_PRODUCTS_DIR; };
		AA3AD81C1C54E04A00318BDE /* AppDelegate.swift */ = {isa = PBXFileReference; lastKnownFileType = sourcecode.swift; path = AppDelegate.swift; sourceTree = "<group>"; };
		AA3AD81E1C54E04A00318BDE /* MapViewController.swift */ = {isa = PBXFileReference; lastKnownFileType = sourcecode.swift; path = MapViewController.swift; sourceTree = "<group>"; };
		AA3AD8211C54E04A00318BDE /* Base */ = {isa = PBXFileReference; lastKnownFileType = file.storyboard; name = Base; path = Base.lproj/Main.storyboard; sourceTree = "<group>"; };
		AA3AD8231C54E04A00318BDE /* Assets.xcassets */ = {isa = PBXFileReference; lastKnownFileType = folder.assetcatalog; path = Assets.xcassets; sourceTree = "<group>"; };
		AA3AD8261C54E04A00318BDE /* Base */ = {isa = PBXFileReference; lastKnownFileType = file.storyboard; name = Base; path = Base.lproj/LaunchScreen.storyboard; sourceTree = "<group>"; };
		AA3AD8281C54E04A00318BDE /* Info.plist */ = {isa = PBXFileReference; lastKnownFileType = text.plist.xml; path = Info.plist; sourceTree = "<group>"; };
		AA3AD82E1C5589ED00318BDE /* CoreLocation.framework */ = {isa = PBXFileReference; lastKnownFileType = wrapper.framework; name = CoreLocation.framework; path = System/Library/Frameworks/CoreLocation.framework; sourceTree = SDKROOT; };
		AA5370C61C73F05E002C4DF4 /* HSBColorPicker.swift */ = {isa = PBXFileReference; fileEncoding = 4; lastKnownFileType = sourcecode.swift; path = HSBColorPicker.swift; sourceTree = "<group>"; };
		AA5B60541C635BE2008DEB71 /* SavedPin.swift */ = {isa = PBXFileReference; fileEncoding = 4; lastKnownFileType = sourcecode.swift; path = SavedPin.swift; sourceTree = "<group>"; };
		AA5B60561C635D3E008DEB71 /* AddSavedPinViewController.swift */ = {isa = PBXFileReference; fileEncoding = 4; lastKnownFileType = sourcecode.swift; path = AddSavedPinViewController.swift; sourceTree = "<group>"; };
		AA5B60581C640C10008DEB71 /* Pathwayz.entitlements */ = {isa = PBXFileReference; lastKnownFileType = text.xml; path = Pathwayz.entitlements; sourceTree = "<group>"; };
		AA5B60591C640C37008DEB71 /* CloudKit.framework */ = {isa = PBXFileReference; lastKnownFileType = wrapper.framework; name = CloudKit.framework; path = System/Library/Frameworks/CloudKit.framework; sourceTree = SDKROOT; };
		AA5B605B1C640C9B008DEB71 /* MapKit.framework */ = {isa = PBXFileReference; lastKnownFileType = wrapper.framework; name = MapKit.framework; path = System/Library/Frameworks/MapKit.framework; sourceTree = SDKROOT; };
		AA5B605D1C643A2D008DEB71 /* Utilities.swift */ = {isa = PBXFileReference; fileEncoding = 4; lastKnownFileType = sourcecode.swift; path = Utilities.swift; sourceTree = "<group>"; };
		AA5B60601C655412008DEB71 /* Images.xcassets */ = {isa = PBXFileReference; lastKnownFileType = folder.assetcatalog; path = Images.xcassets; sourceTree = "<group>"; };
		AA5B60861C65BB82008DEB71 /* FriendsTableViewController.swift */ = {isa = PBXFileReference; fileEncoding = 4; lastKnownFileType = sourcecode.swift; path = FriendsTableViewController.swift; sourceTree = "<group>"; };
		AA5B60881C65C1CE008DEB71 /* Friend.swift */ = {isa = PBXFileReference; fileEncoding = 4; lastKnownFileType = sourcecode.swift; path = Friend.swift; sourceTree = "<group>"; };
		AA5B608A1C680A71008DEB71 /* ResetViewController.swift */ = {isa = PBXFileReference; fileEncoding = 4; lastKnownFileType = sourcecode.swift; path = ResetViewController.swift; sourceTree = "<group>"; };
		AA5C86A91C60BB49001CD0CB /* Pathwayz-Pin.png */ = {isa = PBXFileReference; lastKnownFileType = image.png; name = "Pathwayz-Pin.png"; path = "../../Assets/Pathwayz/Pathwayz-Pin.png"; sourceTree = "<group>"; };
		AA5CC7CF1C6B29C400C48C38 /* HockeySDK.framework */ = {isa = PBXFileReference; lastKnownFileType = wrapper.framework; name = HockeySDK.framework; path = "HockeySDK-iOS/HockeySDK.embeddedframework/HockeySDK.framework"; sourceTree = "<group>"; };
		AA680A051C69F3E200CABB71 /* CustomTableViewCell.swift */ = {isa = PBXFileReference; fileEncoding = 4; lastKnownFileType = sourcecode.swift; path = CustomTableViewCell.swift; sourceTree = "<group>"; };
/* End PBXFileReference section */

/* Begin PBXFrameworksBuildPhase section */
		AA3AD8161C54E04A00318BDE /* Frameworks */ = {
			isa = PBXFrameworksBuildPhase;
			buildActionMask = 2147483647;
			files = (
				AA5CC7D01C6B29C400C48C38 /* HockeySDK.framework in Frameworks */,
				AA293FE51C689B8200A5C71C /* CoreData.framework in Frameworks */,
				AA3AD82F1C5589ED00318BDE /* CoreLocation.framework in Frameworks */,
				AA5B605C1C640C9B008DEB71 /* MapKit.framework in Frameworks */,
				AA5B605A1C640C37008DEB71 /* CloudKit.framework in Frameworks */,
			);
			runOnlyForDeploymentPostprocessing = 0;
		};
/* End PBXFrameworksBuildPhase section */

/* Begin PBXGroup section */
		AA3AD8101C54E04A00318BDE = {
			isa = PBXGroup;
			children = (
				AA5CC7CF1C6B29C400C48C38 /* HockeySDK.framework */,
				AA293FE91C689E8C00A5C71C /* LocationModel+CoreDataProperties.swift */,
				AA293FEA1C689E8C00A5C71C /* LocationModel.swift */,
				AA293FE41C689B8200A5C71C /* CoreData.framework */,
				AA5B605B1C640C9B008DEB71 /* MapKit.framework */,
				AA5B60591C640C37008DEB71 /* CloudKit.framework */,
				AA3AD82E1C5589ED00318BDE /* CoreLocation.framework */,
				AA3AD81B1C54E04A00318BDE /* Pathwayz */,
				AA3AD81A1C54E04A00318BDE /* Products */,
			);
			sourceTree = "<group>";
		};
		AA3AD81A1C54E04A00318BDE /* Products */ = {
			isa = PBXGroup;
			children = (
				AA3AD8191C54E04A00318BDE /* Pathwayz.app */,
			);
			name = Products;
			sourceTree = "<group>";
		};
		AA3AD81B1C54E04A00318BDE /* Pathwayz */ = {
			isa = PBXGroup;
			children = (
				AA5B60601C655412008DEB71 /* Images.xcassets */,
				AA5B605F1C646B7F008DEB71 /* images */,
				AA5B60581C640C10008DEB71 /* Pathwayz.entitlements */,
				AA3AD81C1C54E04A00318BDE /* AppDelegate.swift */,
				AA5B60561C635D3E008DEB71 /* AddSavedPinViewController.swift */,
				AA3AD81E1C54E04A00318BDE /* MapViewController.swift */,
				AA293FE61C689BD000A5C71C /* LocationModel.xcdatamodeld */,
				AA3AD8201C54E04A00318BDE /* Main.storyboard */,
				AA3AD8231C54E04A00318BDE /* Assets.xcassets */,
				AA3AD8251C54E04A00318BDE /* LaunchScreen.storyboard */,
				AA3AD8281C54E04A00318BDE /* Info.plist */,
				AA5B60541C635BE2008DEB71 /* SavedPin.swift */,
				AA5B605D1C643A2D008DEB71 /* Utilities.swift */,
				AA5B60861C65BB82008DEB71 /* FriendsTableViewController.swift */,
				AA5B60881C65C1CE008DEB71 /* Friend.swift */,
				AA5B608A1C680A71008DEB71 /* ResetViewController.swift */,
				AA293FE21C6893DC00A5C71C /* FileIO.swift */,
				AA680A051C69F3E200CABB71 /* CustomTableViewCell.swift */,
				AA5370C61C73F05E002C4DF4 /* HSBColorPicker.swift */,
			);
			path = Pathwayz;
			sourceTree = "<group>";
		};
		AA5B605F1C646B7F008DEB71 /* images */ = {
			isa = PBXGroup;
			children = (
				AA5C86A91C60BB49001CD0CB /* Pathwayz-Pin.png */,
			);
			name = images;
			sourceTree = "<group>";
		};
/* End PBXGroup section */

/* Begin PBXNativeTarget section */
		AA3AD8181C54E04A00318BDE /* Pathwayz */ = {
			isa = PBXNativeTarget;
			buildConfigurationList = AA3AD82B1C54E04A00318BDE /* Build configuration list for PBXNativeTarget "Pathwayz" */;
			buildPhases = (
				AA3AD8151C54E04A00318BDE /* Sources */,
				AA3AD8161C54E04A00318BDE /* Frameworks */,
				AA3AD8171C54E04A00318BDE /* Resources */,
			);
			buildRules = (
			);
			dependencies = (
			);
			name = Pathwayz;
			productName = Pathwayz;
			productReference = AA3AD8191C54E04A00318BDE /* Pathwayz.app */;
			productType = "com.apple.product-type.application";
		};
/* End PBXNativeTarget section */

/* Begin PBXProject section */
		AA3AD8111C54E04A00318BDE /* Project object */ = {
			isa = PBXProject;
			attributes = {
				LastSwiftUpdateCheck = 0710;
				LastUpgradeCheck = 0710;
				ORGANIZATIONNAME = "Steven Smith";
				TargetAttributes = {
					AA3AD8181C54E04A00318BDE = {
						CreatedOnToolsVersion = 7.1.1;
						DevelopmentTeam = EXJKVF4T2U;
						SystemCapabilities = {
							com.apple.Maps.iOS = {
								enabled = 1;
							};
							com.apple.iCloud = {
								enabled = 1;
							};
						};
					};
				};
			};
			buildConfigurationList = AA3AD8141C54E04A00318BDE /* Build configuration list for PBXProject "Pathwayz" */;
			compatibilityVersion = "Xcode 3.2";
			developmentRegion = English;
			hasScannedForEncodings = 0;
			knownRegions = (
				en,
				Base,
			);
			mainGroup = AA3AD8101C54E04A00318BDE;
			productRefGroup = AA3AD81A1C54E04A00318BDE /* Products */;
			projectDirPath = "";
			projectRoot = "";
			targets = (
				AA3AD8181C54E04A00318BDE /* Pathwayz */,
			);
		};
/* End PBXProject section */

/* Begin PBXResourcesBuildPhase section */
		AA3AD8171C54E04A00318BDE /* Resources */ = {
			isa = PBXResourcesBuildPhase;
			buildActionMask = 2147483647;
			files = (
				AA3AD8271C54E04A00318BDE /* LaunchScreen.storyboard in Resources */,
				AA5B60611C655412008DEB71 /* Images.xcassets in Resources */,
				AA3AD8241C54E04A00318BDE /* Assets.xcassets in Resources */,
				AA3AD8221C54E04A00318BDE /* Main.storyboard in Resources */,
				AA5C86AA1C60BB49001CD0CB /* Pathwayz-Pin.png in Resources */,
			);
			runOnlyForDeploymentPostprocessing = 0;
		};
/* End PBXResourcesBuildPhase section */

/* Begin PBXSourcesBuildPhase section */
		AA3AD8151C54E04A00318BDE /* Sources */ = {
			isa = PBXSourcesBuildPhase;
			buildActionMask = 2147483647;
			files = (
				AA5B60551C635BE2008DEB71 /* SavedPin.swift in Sources */,
				AA5B60891C65C1CE008DEB71 /* Friend.swift in Sources */,
				AA5B60871C65BB82008DEB71 /* FriendsTableViewController.swift in Sources */,
				AA3AD81F1C54E04A00318BDE /* MapViewController.swift in Sources */,
				AA293FEC1C689E8C00A5C71C /* LocationModel.swift in Sources */,
				AA3AD81D1C54E04A00318BDE /* AppDelegate.swift in Sources */,
				AA5B605E1C643A2D008DEB71 /* Utilities.swift in Sources */,
				AA293FEB1C689E8C00A5C71C /* LocationModel+CoreDataProperties.swift in Sources */,
				AA5B608B1C680A71008DEB71 /* ResetViewController.swift in Sources */,
				AA293FE31C6893DC00A5C71C /* FileIO.swift in Sources */,
				AA293FE81C689BD000A5C71C /* LocationModel.xcdatamodeld in Sources */,
				AA5370C71C73F05E002C4DF4 /* HSBColorPicker.swift in Sources */,
				AA5B60571C635D3E008DEB71 /* AddSavedPinViewController.swift in Sources */,
				AA680A061C69F3E200CABB71 /* CustomTableViewCell.swift in Sources */,
			);
			runOnlyForDeploymentPostprocessing = 0;
		};
/* End PBXSourcesBuildPhase section */

/* Begin PBXVariantGroup section */
		AA3AD8201C54E04A00318BDE /* Main.storyboard */ = {
			isa = PBXVariantGroup;
			children = (
				AA3AD8211C54E04A00318BDE /* Base */,
			);
			name = Main.storyboard;
			sourceTree = "<group>";
		};
		AA3AD8251C54E04A00318BDE /* LaunchScreen.storyboard */ = {
			isa = PBXVariantGroup;
			children = (
				AA3AD8261C54E04A00318BDE /* Base */,
			);
			name = LaunchScreen.storyboard;
			sourceTree = "<group>";
		};
/* End PBXVariantGroup section */

/* Begin XCBuildConfiguration section */
		AA3AD8291C54E04A00318BDE /* Debug */ = {
			isa = XCBuildConfiguration;
			buildSettings = {
				ALWAYS_SEARCH_USER_PATHS = NO;
				CLANG_CXX_LANGUAGE_STANDARD = "gnu++0x";
				CLANG_CXX_LIBRARY = "libc++";
				CLANG_ENABLE_MODULES = YES;
				CLANG_ENABLE_OBJC_ARC = YES;
				CLANG_WARN_BOOL_CONVERSION = YES;
				CLANG_WARN_CONSTANT_CONVERSION = YES;
				CLANG_WARN_DIRECT_OBJC_ISA_USAGE = YES_ERROR;
				CLANG_WARN_EMPTY_BODY = YES;
				CLANG_WARN_ENUM_CONVERSION = YES;
				CLANG_WARN_INT_CONVERSION = YES;
				CLANG_WARN_OBJC_ROOT_CLASS = YES_ERROR;
				CLANG_WARN_UNREACHABLE_CODE = YES;
				CLANG_WARN__DUPLICATE_METHOD_MATCH = YES;
				"CODE_SIGN_IDENTITY[sdk=iphoneos*]" = "iPhone Developer";
				COPY_PHASE_STRIP = NO;
				DEBUG_INFORMATION_FORMAT = dwarf;
				ENABLE_STRICT_OBJC_MSGSEND = YES;
				ENABLE_TESTABILITY = YES;
				GCC_C_LANGUAGE_STANDARD = gnu99;
				GCC_DYNAMIC_NO_PIC = NO;
				GCC_NO_COMMON_BLOCKS = YES;
				GCC_OPTIMIZATION_LEVEL = 0;
				GCC_PREPROCESSOR_DEFINITIONS = (
					"DEBUG=1",
					"$(inherited)",
				);
				GCC_WARN_64_TO_32_BIT_CONVERSION = YES;
				GCC_WARN_ABOUT_RETURN_TYPE = YES_ERROR;
				GCC_WARN_UNDECLARED_SELECTOR = YES;
				GCC_WARN_UNINITIALIZED_AUTOS = YES_AGGRESSIVE;
				GCC_WARN_UNUSED_FUNCTION = YES;
				GCC_WARN_UNUSED_VARIABLE = YES;
				IPHONEOS_DEPLOYMENT_TARGET = 9.1;
				MTL_ENABLE_DEBUG_INFO = YES;
				ONLY_ACTIVE_ARCH = YES;
				SDKROOT = iphoneos;
				SWIFT_OPTIMIZATION_LEVEL = "-Onone";
			};
			name = Debug;
		};
		AA3AD82A1C54E04A00318BDE /* Release */ = {
			isa = XCBuildConfiguration;
			buildSettings = {
				ALWAYS_SEARCH_USER_PATHS = NO;
				CLANG_CXX_LANGUAGE_STANDARD = "gnu++0x";
				CLANG_CXX_LIBRARY = "libc++";
				CLANG_ENABLE_MODULES = YES;
				CLANG_ENABLE_OBJC_ARC = YES;
				CLANG_WARN_BOOL_CONVERSION = YES;
				CLANG_WARN_CONSTANT_CONVERSION = YES;
				CLANG_WARN_DIRECT_OBJC_ISA_USAGE = YES_ERROR;
				CLANG_WARN_EMPTY_BODY = YES;
				CLANG_WARN_ENUM_CONVERSION = YES;
				CLANG_WARN_INT_CONVERSION = YES;
				CLANG_WARN_OBJC_ROOT_CLASS = YES_ERROR;
				CLANG_WARN_UNREACHABLE_CODE = YES;
				CLANG_WARN__DUPLICATE_METHOD_MATCH = YES;
				"CODE_SIGN_IDENTITY[sdk=iphoneos*]" = "iPhone Developer";
				COPY_PHASE_STRIP = NO;
				DEBUG_INFORMATION_FORMAT = "dwarf-with-dsym";
				ENABLE_NS_ASSERTIONS = NO;
				ENABLE_STRICT_OBJC_MSGSEND = YES;
				GCC_C_LANGUAGE_STANDARD = gnu99;
				GCC_NO_COMMON_BLOCKS = YES;
				GCC_WARN_64_TO_32_BIT_CONVERSION = YES;
				GCC_WARN_ABOUT_RETURN_TYPE = YES_ERROR;
				GCC_WARN_UNDECLARED_SELECTOR = YES;
				GCC_WARN_UNINITIALIZED_AUTOS = YES_AGGRESSIVE;
				GCC_WARN_UNUSED_FUNCTION = YES;
				GCC_WARN_UNUSED_VARIABLE = YES;
				IPHONEOS_DEPLOYMENT_TARGET = 9.1;
				MTL_ENABLE_DEBUG_INFO = NO;
				SDKROOT = iphoneos;
				VALIDATE_PRODUCT = YES;
			};
			name = Release;
		};
		AA3AD82C1C54E04A00318BDE /* Debug */ = {
			isa = XCBuildConfiguration;
			buildSettings = {
				ASSETCATALOG_COMPILER_APPICON_NAME = AppIcon;
				CODE_SIGN_ENTITLEMENTS = Pathwayz/Pathwayz.entitlements;
				CODE_SIGN_IDENTITY = "iPhone Developer";
				"CODE_SIGN_IDENTITY[sdk=iphoneos*]" = "iPhone Developer";
				FRAMEWORK_SEARCH_PATHS = (
					"$(inherited)",
					"$(PROJECT_DIR)/HockeySDK-iOS/HockeySDK.embeddedframework",
				);
				INFOPLIST_FILE = Pathwayz/Info.plist;
				LD_RUNPATH_SEARCH_PATHS = "$(inherited) @executable_path/Frameworks";
				PRODUCT_BUNDLE_IDENTIFIER = com.seniorcreative.Pathwayz;
				PRODUCT_NAME = "$(TARGET_NAME)";
				PROVISIONING_PROFILE = "";
			};
			name = Debug;
		};
		AA3AD82D1C54E04A00318BDE /* Release */ = {
			isa = XCBuildConfiguration;
			buildSettings = {
				ASSETCATALOG_COMPILER_APPICON_NAME = AppIcon;
				CODE_SIGN_ENTITLEMENTS = Pathwayz/Pathwayz.entitlements;
				CODE_SIGN_IDENTITY = "iPhone Developer";
				"CODE_SIGN_IDENTITY[sdk=iphoneos*]" = "iPhone Developer";
				FRAMEWORK_SEARCH_PATHS = (
					"$(inherited)",
					"$(PROJECT_DIR)/HockeySDK-iOS/HockeySDK.embeddedframework",
				);
				INFOPLIST_FILE = Pathwayz/Info.plist;
				LD_RUNPATH_SEARCH_PATHS = "$(inherited) @executable_path/Frameworks";
				PRODUCT_BUNDLE_IDENTIFIER = com.seniorcreative.Pathwayz;
				PRODUCT_NAME = "$(TARGET_NAME)";
				PROVISIONING_PROFILE = "";
			};
			name = Release;
		};
/* End XCBuildConfiguration section */

/* Begin XCConfigurationList section */
		AA3AD8141C54E04A00318BDE /* Build configuration list for PBXProject "Pathwayz" */ = {
			isa = XCConfigurationList;
			buildConfigurations = (
				AA3AD8291C54E04A00318BDE /* Debug */,
				AA3AD82A1C54E04A00318BDE /* Release */,
			);
			defaultConfigurationIsVisible = 0;
			defaultConfigurationName = Release;
		};
		AA3AD82B1C54E04A00318BDE /* Build configuration list for PBXNativeTarget "Pathwayz" */ = {
			isa = XCConfigurationList;
			buildConfigurations = (
				AA3AD82C1C54E04A00318BDE /* Debug */,
				AA3AD82D1C54E04A00318BDE /* Release */,
			);
			defaultConfigurationIsVisible = 0;
			defaultConfigurationName = Release;
		};
/* End XCConfigurationList section */

/* Begin XCVersionGroup section */
		AA293FE61C689BD000A5C71C /* LocationModel.xcdatamodeld */ = {
			isa = XCVersionGroup;
			children = (
				AA293FE71C689BD000A5C71C /* LocationModel.xcdatamodel */,
			);
			currentVersion = AA293FE71C689BD000A5C71C /* LocationModel.xcdatamodel */;
			path = LocationModel.xcdatamodeld;
			sourceTree = "<group>";
			versionGroupType = wrapper.xcdatamodel;
		};
/* End XCVersionGroup section */
	};
	rootObject = AA3AD8111C54E04A00318BDE /* Project object */;
}
